
Microsoft Visual Studio Solution File, Format Version 12.00
# Visual Studio Version 17
VisualStudioVersion = 17.14.36623.8
MinimumVisualStudioVersion = 10.0.40219.1
Project("{FAE04EC0-301F-11D3-BF4B-00C04F79EFBC}") = "AdventGenerator", "AdventGenerator\AdventGenerator.csproj", "{6CAD62A9-CDA7-4B99-9449-528ACC43C22B}"
EndProject
Project("{FAE04EC0-301F-11D3-BF4B-00C04F79EFBC}") = "AdventOfCode2025", "AdventOfCode2025\AdventOfCode2025.csproj", "{2E6EBADA-8E64-BC30-07A3-3BEEF61D9056}"
EndProject
Global
	GlobalSection(SolutionConfigurationPlatforms) = preSolution
		Debug|Any CPU = Debug|Any CPU
		Release|Any CPU = Release|Any CPU
	EndGlobalSection
	GlobalSection(ProjectConfigurationPlatforms) = postSolution
		{6CAD62A9-CDA7-4B99-9449-528ACC43C22B}.Debug|Any CPU.ActiveCfg = Debug|Any CPU
		{6CAD62A9-CDA7-4B99-9449-528ACC43C22B}.Debug|Any CPU.Build.0 = Debug|Any CPU
		{6CAD62A9-CDA7-4B99-9449-528ACC43C22B}.Release|Any CPU.ActiveCfg = Release|Any CPU
		{6CAD62A9-CDA7-4B99-9449-528ACC43C22B}.Release|Any CPU.Build.0 = Release|Any CPU
		{2E6EBADA-8E64-BC30-07A3-3BEEF61D9056}.Debug|Any CPU.ActiveCfg = Debug|Any CPU
		{2E6EBADA-8E64-BC30-07A3-3BEEF61D9056}.Debug|Any CPU.Build.0 = Debug|Any CPU
		{2E6EBADA-8E64-BC30-07A3-3BEEF61D9056}.Release|Any CPU.ActiveCfg = Release|Any CPU
		{2E6EBADA-8E64-BC30-07A3-3BEEF61D9056}.Release|Any CPU.Build.0 = Release|Any CPU
	EndGlobalSection
	GlobalSection(SolutionProperties) = preSolution
		HideSolutionNode = FALSE
	EndGlobalSection
	GlobalSection(ExtensibilityGlobals) = postSolution
		SolutionGuid = {77468E3F-75C0-4B27-AF14-034B6C962A7C}
	EndGlobalSection
EndGlobal
